{
  "name": "mandarin-api",
  "lockfileVersion": 3,
  "requires": true,
  "packages": {
    "": {
      "name": "mandarin-api",
      "dependencies": {
        "@hono/standard-validator": "^0.2.2",
        "@hono/zod-validator": "^0.7.6",
        "@valibot/to-json-schema": "^1.6.0",
        "dotenv": "^17.3.1",
        "fs": "^0.0.1-security",
        "hono": "^4.12.9",
        "hono-openapi": "^1.3.0",
        "hono-rate-limiter": "^0.5.3",
        "valibot": "^1.3.1"
      },
      "devDependencies": {
        "@types/bun": "latest"
      },
      "peerDependencies": {
        "typescript": "^5"
      }
    },
    "node_modules/@hono/standard-validator": {
      "version": "0.2.2",
      "resolved": "https://registry.npmjs.org/@hono/standard-validator/-/standard-validator-0.2.2.tgz",
      "integrity": "sha512-mJ7W84Bt/rSvoIl63Ynew+UZOHAzzRAoAXb3JaWuxAkM/Lzg+ZHTCUiz77KOtn2e623WNN8LkD57Dk0szqUrIw==",
      "license": "MIT",
      "peer": true,
      "peerDependencies": {
        "@standard-schema/spec": "^1.0.0",
        "hono": ">=3.9.0"
      }
    },
    "node_modules/@hono/zod-validator": {
      "version": "0.7.6",
      "resolved": "https://registry.npmjs.org/@hono/zod-validator/-/zod-validator-0.7.6.tgz",
      "integrity": "sha512-Io1B6d011Gj1KknV4rXYz4le5+5EubcWEU/speUjuw9XMMIaP3n78yXLhjd2A3PXaXaUwEAluOiAyLqhBEJgsw==",
      "license": "MIT",
      "peerDependencies": {
        "hono": ">=3.9.0",
        "zod": "^3.25.0 || ^4.0.0"
      }
    },
    "node_modules/@standard-community/standard-json": {
      "version": "0.3.5",
      "resolved": "https://registry.npmjs.org/@standard-community/standard-json/-/standard-json-0.3.5.tgz",
      "integrity": "sha512-4+ZPorwDRt47i+O7RjyuaxHRK/37QY/LmgxlGrRrSTLYoFatEOzvqIc85GTlM18SFZ5E91C+v0o/M37wZPpUHA==",
      "license": "MIT",
      "peer": true,
      "peerDependencies": {
        "@standard-schema/spec": "^1.0.0",
        "@types/json-schema": "^7.0.15",
        "@valibot/to-json-schema": "^1.3.0",
        "arktype": "^2.1.20",
        "effect": "^3.16.8",
        "quansync": "^0.2.11",
        "sury": "^10.0.0",
        "typebox": "^1.0.17",
        "valibot": "^1.1.0",
        "zod": "^3.25.0 || ^4.0.0",
        "zod-to-json-schema": "^3.24.5"
      },
      "peerDependenciesMeta": {
        "@valibot/to-json-schema": {
          "optional": true
        },
        "arktype": {
          "optional": true
        },
        "effect": {
          "optional": true
        },
        "sury": {
          "optional": true
        },
        "typebox": {
          "optional": true
        },
        "valibot": {
          "optional": true
        },
        "zod": {
          "optional": true
        },
        "zod-to-json-schema": {
          "optional": true
        }
      }
    },
    "node_modules/@standard-community/standard-openapi": {
      "version": "0.2.9",
      "resolved": "https://registry.npmjs.org/@standard-community/standard-openapi/-/standard-openapi-0.2.9.tgz",
      "integrity": "sha512-htj+yldvN1XncyZi4rehbf9kLbu8os2Ke/rfqoZHCMHuw34kiF3LP/yQPdA0tQ940y8nDq3Iou8R3wG+AGGyvg==",
      "license": "MIT",
      "peer": true,
      "peerDependencies": {
        "@standard-community/standard-json": "^0.3.5",
        "@standard-schema/spec": "^1.0.0",
        "arktype": "^2.1.20",
        "effect": "^3.17.14",
        "openapi-types": "^12.1.3",
        "sury": "^10.0.0",
        "typebox": "^1.0.0",
        "valibot": "^1.1.0",
        "zod": "^3.25.0 || ^4.0.0",
        "zod-openapi": "^4"
      },
      "peerDependenciesMeta": {
        "arktype": {
          "optional": true
        },
        "effect": {
          "optional": true
        },
        "sury": {
          "optional": true
        },
        "typebox": {
          "optional": true
        },
        "valibot": {
          "optional": true
        },
        "zod": {
          "optional": true
        },
        "zod-openapi": {
          "optional": true
        }
      }
    },
    "node_modules/@standard-schema/spec": {
      "version": "1.1.0",
      "resolved": "https://registry.npmjs.org/@standard-schema/spec/-/spec-1.1.0.tgz",
      "integrity": "sha512-l2aFy5jALhniG5HgqrD6jXLi/rUWrKvqN/qJx6yoJsgKhblVd+iqqU4RCXavm/jPityDo5TCvKMnpjKnOriy0w==",
      "license": "MIT",
      "peer": true
    },
    "node_modules/@types/bun": {
      "version": "1.3.11",
      "resolved": "https://registry.npmjs.org/@types/bun/-/bun-1.3.11.tgz",
      "integrity": "sha512-5vPne5QvtpjGpsGYXiFyycfpDF2ECyPcTSsFBMa0fraoxiQyMJ3SmuQIGhzPg2WJuWxVBoxWJ2kClYTcw/4fAg==",
      "dev": true,
      "license": "MIT",
      "dependencies": {
        "bun-types": "1.3.11"
      }
    },
    "node_modules/@types/json-schema": {
      "version": "7.0.15",
      "resolved": "https://registry.npmjs.org/@types/json-schema/-/json-schema-7.0.15.tgz",
      "integrity": "sha512-5+fP8P8MFNC+AyZCDxrB2pkZFPGzqQWUzpSeuuVLvm8VMcorNYavBqoFcxK8bQz4Qsbn4oUEEem4wDLfcysGHA==",
      "license": "MIT",
      "peer": true
    },
    "node_modules/@types/node": {
      "version": "25.5.0",
      "dev": true,
      "license": "MIT",
      "dependencies": {
        "undici-types": "~7.18.0"
      }
    },
    "node_modules/@valibot/to-json-schema": {
      "version": "1.6.0",
      "resolved": "https://registry.npmjs.org/@valibot/to-json-schema/-/to-json-schema-1.6.0.tgz",
      "integrity": "sha512-d6rYyK5KVa2XdqamWgZ4/Nr+cXhxjy7lmpe6Iajw15J/jmU+gyxl2IEd1Otg1d7Rl3gOQL5reulnSypzBtYy1A==",
      "license": "MIT",
      "peer": true,
      "peerDependencies": {
        "valibot": "^1.3.0"
      }
    },
    "node_modules/bun-types": {
      "version": "1.3.11",
      "dev": true,
      "license": "MIT",
      "dependencies": {
        "@types/node": "*"
      }
    },
    "node_modules/dotenv": {
      "version": "17.3.1",
      "license": "BSD-2-Clause",
      "engines": {
        "node": ">=12"
      },
      "funding": {
        "url": "https://dotenvx.com"
      }
    },
    "node_modules/fs": {
      "version": "0.0.1-security",
      "resolved": "https://registry.npmjs.org/fs/-/fs-0.0.1-security.tgz",
      "integrity": "sha512-3XY9e1pP0CVEUCdj5BmfIZxRBTSDycnbqhIOGec9QYtmVH2fbLpj86CFWkrNOkt/Fvty4KZG5lTglL9j/gJ87w==",
      "license": "ISC"
    },
    "node_modules/hono": {
      "version": "4.12.9",
      "license": "MIT",
      "peer": true,
      "engines": {
        "node": ">=16.9.0"
      }
    },
    "node_modules/hono-openapi": {
      "version": "1.3.0",
      "resolved": "https://registry.npmjs.org/hono-openapi/-/hono-openapi-1.3.0.tgz",
      "integrity": "sha512-xDvCWpWEIv0weEmnl3EjRQzqbHIO8LnfzMuYOCmbuyE5aes6aXxLg4vM3ybnoZD5TiTUkA6PuRQPJs3R7WRBig==",
      "license": "MIT",
      "peerDependencies": {
        "@hono/standard-validator": "^0.2.0",
        "@standard-community/standard-json": "^0.3.5",
        "@standard-community/standard-openapi": "^0.2.9",
        "@types/json-schema": "^7.0.15",
        "hono": "^4.8.3",
        "openapi-types": "^12.1.3"
      },
      "peerDependenciesMeta": {
        "@hono/standard-validator": {
          "optional": true
        },
        "hono": {
          "optional": true
        }
      }
    },
    "node_modules/hono-rate-limiter": {
      "version": "0.5.3",
      "resolved": "https://registry.npmjs.org/hono-rate-limiter/-/hono-rate-limiter-0.5.3.tgz",
      "integrity": "sha512-M0DxbVMpPELEzLi0AJg1XyBHLGJXz7GySjsPoK+gc5YeeBsdGDGe+2RvVuCAv8ydINiwlbxqYMNxUEyYfRji/A==",
      "license": "MIT",
      "peerDependencies": {
        "hono": "^4.10.8",
        "unstorage": "^1.17.3"
      },
      "peerDependenciesMeta": {
        "unstorage": {
          "optional": true
        }
      }
    },
    "node_modules/openapi-types": {
      "version": "12.1.3",
      "resolved": "https://registry.npmjs.org/openapi-types/-/openapi-types-12.1.3.tgz",
      "integrity": "sha512-N4YtSYJqghVu4iek2ZUvcN/0aqH1kRDuNqzcycDxhOUpg7GdvLa2F3DgS6yBNhInhv2r/6I0Flkn7CqL8+nIcw==",
      "license": "MIT",
      "peer": true
    },
    "node_modules/quansync": {
      "version": "0.2.11",
      "resolved": "https://registry.npmjs.org/quansync/-/quansync-0.2.11.tgz",
      "integrity": "sha512-AifT7QEbW9Nri4tAwR5M/uzpBuqfZf+zwaEM/QkzEjj7NBuFD2rBuy0K3dE+8wltbezDV7JMA0WfnCPYRSYbXA==",
      "funding": [
        {
          "type": "individual",
          "url": "https://github.com/sponsors/antfu"
        },
        {
          "type": "individual",
          "url": "https://github.com/sponsors/sxzz"
        }
      ],
      "license": "MIT",
      "peer": true
    },
    "node_modules/typescript": {
      "version": "5.9.3",
      "license": "Apache-2.0",
      "peer": true,
      "bin": {
        "tsc": "bin/tsc",
        "tsserver": "bin/tsserver"
      },
      "engines": {
        "node": ">=14.17"
      }
    },
    "node_modules/undici-types": {
      "version": "7.18.2",
      "dev": true,
      "license": "MIT"
    },
    "node_modules/valibot": {
      "version": "1.3.1",
      "resolved": "https://registry.npmjs.org/valibot/-/valibot-1.3.1.tgz",
      "integrity": "sha512-sfdRir/QFM0JaF22hqTroPc5xy4DimuGQVKFrzF1YfGwaS1nJot3Y8VqMdLO2Lg27fMzat2yD3pY5PbAYO39Gg==",
      "license": "MIT",
      "peer": true,
      "peerDependencies": {
        "typescript": ">=5"
      },
      "peerDependenciesMeta": {
        "typescript": {
          "optional": true
        }
      }
    },
    "node_modules/zod": {
      "version": "4.3.6",
      "resolved": "https://registry.npmjs.org/zod/-/zod-4.3.6.tgz",
      "integrity": "sha512-rftlrkhHZOcjDwkGlnUtZZkvaPHCsDATp4pGpuOOMDaTdDDXF91wuVDJoWoPsKX/3YPQ5fHuF3STjcYyKr+Qhg==",
      "license": "MIT",
      "peer": true,
      "funding": {
        "url": "https://github.com/sponsors/colinhacks"
      }
    }
  }
}
